
Microsoft Visual Studio Solution File, Format Version 12.00
# Visual Studio Version 16
VisualStudioVersion = 16.0.30011.22
MinimumVisualStudioVersion = 10.0.40219.1
Project("{FAE04EC0-301F-11D3-BF4B-00C04F79EFBC}") = "PruebaDelegados", "PruebaDelegados\PruebaDelegados.csproj", "{1D505FBA-4CCD-4F86-909F-C9479BE1A4AA}"
EndProject
Global
	GlobalSection(SolutionConfigurationPlatforms) = preSolution
		Debug|Any CPU = Debug|Any CPU
		Release|Any CPU = Release|Any CPU
	EndGlobalSection
	GlobalSection(ProjectConfigurationPlatforms) = postSolution
		{1D505FBA-4CCD-4F86-909F-C9479BE1A4AA}.Debug|Any CPU.ActiveCfg = Debug|Any CPU
		{1D505FBA-4CCD-4F86-909F-C9479BE1A4AA}.Debug|Any CPU.Build.0 = Debug|Any CPU
		{1D505FBA-4CCD-4F86-909F-C9479BE1A4AA}.Release|Any CPU.ActiveCfg = Release|Any CPU
		{1D505FBA-4CCD-4F86-909F-C9479BE1A4AA}.Release|Any CPU.Build.0 = Release|Any CPU
	EndGlobalSection
	GlobalSection(SolutionProperties) = preSolution
		HideSolutionNode = FALSE
	EndGlobalSection
	GlobalSection(ExtensibilityGlobals) = postSolution
		SolutionGuid = {17112790-117A-4EDD-AAA1-08448A2DE730}
	EndGlobalSection
EndGlobal
